
Microsoft Visual Studio Solution File, Format Version 12.00
# Visual Studio Version 16
VisualStudioVersion = 16.0.34114.132
MinimumVisualStudioVersion = 10.0.40219.1
Project("{FAE04EC0-301F-11D3-BF4B-00C04F79EFBC}") = "WinUpdStop", "WpfApp1\WinUpdStop.csproj", "{D0334D61-625E-4805-B49B-3D7B919EFC22}"
EndProject
Global
	GlobalSection(SolutionConfigurationPlatforms) = preSolution
		Debug|Any CPU = Debug|Any CPU
		Release|Any CPU = Release|Any CPU
	EndGlobalSection
	GlobalSection(ProjectConfigurationPlatforms) = postSolution
		{D0334D61-625E-4805-B49B-3D7B919EFC22}.Debug|Any CPU.ActiveCfg = Debug|Any CPU
		{D0334D61-625E-4805-B49B-3D7B919EFC22}.Debug|Any CPU.Build.0 = Debug|Any CPU
		{D0334D61-625E-4805-B49B-3D7B919EFC22}.Release|Any CPU.ActiveCfg = Release|Any CPU
		{D0334D61-625E-4805-B49B-3D7B919EFC22}.Release|Any CPU.Build.0 = Release|Any CPU
	EndGlobalSection
	GlobalSection(SolutionProperties) = preSolution
		HideSolutionNode = FALSE
	EndGlobalSection
	GlobalSection(ExtensibilityGlobals) = postSolution
		SolutionGuid = {0BCC6F99-6C71-4E5B-B305-5CC37A69CB45}
	EndGlobalSection
EndGlobal
